
Microsoft Visual Studio Solution File, Format Version 12.00
# Visual Studio Version 16
VisualStudioVersion = 16.0.29609.76
MinimumVisualStudioVersion = 10.0.40219.1
Project("{FAE04EC0-301F-11D3-BF4B-00C04F79EFBC}") = "PizzaDesigner", "PizzaDesigner\PizzaDesigner.csproj", "{39EC13A2-10E0-4301-BAF9-86F9E819A68C}"
EndProject
Global
	GlobalSection(SolutionConfigurationPlatforms) = preSolution
		Debug|Any CPU = Debug|Any CPU
		Release|Any CPU = Release|Any CPU
	EndGlobalSection
	GlobalSection(ProjectConfigurationPlatforms) = postSolution
		{39EC13A2-10E0-4301-BAF9-86F9E819A68C}.Debug|Any CPU.ActiveCfg = Debug|Any CPU
		{39EC13A2-10E0-4301-BAF9-86F9E819A68C}.Debug|Any CPU.Build.0 = Debug|Any CPU
		{39EC13A2-10E0-4301-BAF9-86F9E819A68C}.Release|Any CPU.ActiveCfg = Release|Any CPU
		{39EC13A2-10E0-4301-BAF9-86F9E819A68C}.Release|Any CPU.Build.0 = Release|Any CPU
	EndGlobalSection
	GlobalSection(SolutionProperties) = preSolution
		HideSolutionNode = FALSE
	EndGlobalSection
	GlobalSection(ExtensibilityGlobals) = postSolution
		SolutionGuid = {6EA30402-D9AC-473B-975A-7F91675003D4}
	EndGlobalSection
EndGlobal
